
Microsoft Visual Studio Solution File, Format Version 12.00
# Visual Studio Version 17
VisualStudioVersion = 17.0.31903.59
MinimumVisualStudioVersion = 10.0.40219.1
Project("{2150E333-8FDC-42A3-9474-1A3956D46DE8}") = "Bootsrapper", "Bootsrapper", "{E28A854C-85EA-4092-BFD7-CAC27AA88F27}"
EndProject
Project("{2150E333-8FDC-42A3-9474-1A3956D46DE8}") = "Modules", "Modules", "{0097C62A-D0E8-49AB-AFB6-FE03C4D2DC69}"
EndProject
Project("{2150E333-8FDC-42A3-9474-1A3956D46DE8}") = "Shared", "Shared", "{4C8AAE2B-0242-4ED3-8DE4-CBEEDC295598}"
EndProject
Project("{FAE04EC0-301F-11D3-BF4B-00C04F79EFBC}") = "Api", "Bootstrapper\Api\Api.csproj", "{32D07477-B80A-46B1-AE18-36B5CFFC1057}"
EndProject
Project("{2150E333-8FDC-42A3-9474-1A3956D46DE8}") = "Catalog", "Catalog", "{0333CD4C-1FE2-43DE-81AF-30B7D08810A8}"
EndProject
Project("{2150E333-8FDC-42A3-9474-1A3956D46DE8}") = "Basket", "Basket", "{C9CC8A5C-25F3-4240-B55A-383B7DF0D184}"
EndProject
Project("{2150E333-8FDC-42A3-9474-1A3956D46DE8}") = "Ordering", "Ordering", "{073674A3-FDF5-4B59-B106-F0A93D8A1313}"
EndProject
Project("{FAE04EC0-301F-11D3-BF4B-00C04F79EFBC}") = "Catalog", "Modules\Catalog\Catalog\Catalog.csproj", "{9DA94437-CFB1-45CF-BB62-8A9BB6961701}"
EndProject
Project("{FAE04EC0-301F-11D3-BF4B-00C04F79EFBC}") = "Basket", "Modules\Basket\Basket\Basket.csproj", "{50A17D50-0370-420D-9E3A-F53F669F430A}"
EndProject
Project("{FAE04EC0-301F-11D3-BF4B-00C04F79EFBC}") = "Ordering", "Modules\Ordering\Ordering\Ordering.csproj", "{9F99D464-91A1-4EAB-A8A1-A1AF58B7D2EE}"
EndProject
Project("{FAE04EC0-301F-11D3-BF4B-00C04F79EFBC}") = "Shared", "Shared\Shared\Shared.csproj", "{537CEA11-AC06-477B-801B-FE5B41FC0E1D}"
EndProject
Global
	GlobalSection(SolutionConfigurationPlatforms) = preSolution
		Debug|Any CPU = Debug|Any CPU
		Release|Any CPU = Release|Any CPU
	EndGlobalSection
	GlobalSection(SolutionProperties) = preSolution
		HideSolutionNode = FALSE
	EndGlobalSection
	GlobalSection(NestedProjects) = preSolution
		{32D07477-B80A-46B1-AE18-36B5CFFC1057} = {E28A854C-85EA-4092-BFD7-CAC27AA88F27}
		{0333CD4C-1FE2-43DE-81AF-30B7D08810A8} = {0097C62A-D0E8-49AB-AFB6-FE03C4D2DC69}
		{C9CC8A5C-25F3-4240-B55A-383B7DF0D184} = {0097C62A-D0E8-49AB-AFB6-FE03C4D2DC69}
		{073674A3-FDF5-4B59-B106-F0A93D8A1313} = {0097C62A-D0E8-49AB-AFB6-FE03C4D2DC69}
		{9DA94437-CFB1-45CF-BB62-8A9BB6961701} = {0333CD4C-1FE2-43DE-81AF-30B7D08810A8}
		{50A17D50-0370-420D-9E3A-F53F669F430A} = {C9CC8A5C-25F3-4240-B55A-383B7DF0D184}
		{9F99D464-91A1-4EAB-A8A1-A1AF58B7D2EE} = {073674A3-FDF5-4B59-B106-F0A93D8A1313}
		{537CEA11-AC06-477B-801B-FE5B41FC0E1D} = {4C8AAE2B-0242-4ED3-8DE4-CBEEDC295598}
	EndGlobalSection
	GlobalSection(ProjectConfigurationPlatforms) = postSolution
		{32D07477-B80A-46B1-AE18-36B5CFFC1057}.Debug|Any CPU.ActiveCfg = Debug|Any CPU
		{32D07477-B80A-46B1-AE18-36B5CFFC1057}.Debug|Any CPU.Build.0 = Debug|Any CPU
		{32D07477-B80A-46B1-AE18-36B5CFFC1057}.Release|Any CPU.ActiveCfg = Release|Any CPU
		{32D07477-B80A-46B1-AE18-36B5CFFC1057}.Release|Any CPU.Build.0 = Release|Any CPU
		{9DA94437-CFB1-45CF-BB62-8A9BB6961701}.Debug|Any CPU.ActiveCfg = Debug|Any CPU
		{9DA94437-CFB1-45CF-BB62-8A9BB6961701}.Debug|Any CPU.Build.0 = Debug|Any CPU
		{9DA94437-CFB1-45CF-BB62-8A9BB6961701}.Release|Any CPU.ActiveCfg = Release|Any CPU
		{9DA94437-CFB1-45CF-BB62-8A9BB6961701}.Release|Any CPU.Build.0 = Release|Any CPU
		{50A17D50-0370-420D-9E3A-F53F669F430A}.Debug|Any CPU.ActiveCfg = Debug|Any CPU
		{50A17D50-0370-420D-9E3A-F53F669F430A}.Debug|Any CPU.Build.0 = Debug|Any CPU
		{50A17D50-0370-420D-9E3A-F53F669F430A}.Release|Any CPU.ActiveCfg = Release|Any CPU
		{50A17D50-0370-420D-9E3A-F53F669F430A}.Release|Any CPU.Build.0 = Release|Any CPU
		{9F99D464-91A1-4EAB-A8A1-A1AF58B7D2EE}.Debug|Any CPU.ActiveCfg = Debug|Any CPU
		{9F99D464-91A1-4EAB-A8A1-A1AF58B7D2EE}.Debug|Any CPU.Build.0 = Debug|Any CPU
		{9F99D464-91A1-4EAB-A8A1-A1AF58B7D2EE}.Release|Any CPU.ActiveCfg = Release|Any CPU
		{9F99D464-91A1-4EAB-A8A1-A1AF58B7D2EE}.Release|Any CPU.Build.0 = Release|Any CPU
		{537CEA11-AC06-477B-801B-FE5B41FC0E1D}.Debug|Any CPU.ActiveCfg = Debug|Any CPU
		{537CEA11-AC06-477B-801B-FE5B41FC0E1D}.Debug|Any CPU.Build.0 = Debug|Any CPU
		{537CEA11-AC06-477B-801B-FE5B41FC0E1D}.Release|Any CPU.ActiveCfg = Release|Any CPU
		{537CEA11-AC06-477B-801B-FE5B41FC0E1D}.Release|Any CPU.Build.0 = Release|Any CPU
	EndGlobalSection
EndGlobal
